{
  "object": {
    "pins": [
      {
        "package": "SwiftConvenienceExtensions",
        "repositoryURL": "https://github.com/NCrusher74/SwiftConvenienceExtensions",
        "state": {
          "branch": null,
          "revision": "62d5dc457299b9b3d9de9bf4ad20bf7470b4753f",
          "version": "3.0.22"
        }
      },
      {
        "package": "SwiftLanguageAndLocaleCodes",
        "repositoryURL": "https://github.com/NCrusher74/SwiftLanguageAndLocaleCodes",
        "state": {
          "branch": null,
          "revision": "6f3a3fa43e96db0c2e9aecf8a4891e9ba4964b9b",
          "version": "2.0.0"
        }
      }
    ]
  },
  "version": 1
}
